PODS:
  - "!ProtoCompiler (3.5.0)":
    - Protobuf (~> 3.0)
  - "!ProtoCompiler-gRPCPlugin (1.10.0)":
    - "!ProtoCompiler (= 3.5.0)"
    - gRPC-ProtoRPC (= 1.10.0)
  - BoringSSL (10.0.2):
    - BoringSSL/Implementation (= 10.0.2)
    - BoringSSL/Interface (= 10.0.2)
  - BoringSSL/Implementation (10.0.2):
    - BoringSSL/Interface (= 10.0.2)
  - BoringSSL/Interface (10.0.2)
  - Eureka (4.1.1)
  - EVE (0.0.1):
    - "!ProtoCompiler-gRPCPlugin (~> 1.0)"
    - EVE/Messages (= 0.0.1)
    - EVE/Services (= 0.0.1)
  - EVE/Messages (0.0.1):
    - "!ProtoCompiler-gRPCPlugin (~> 1.0)"
    - Protobuf
  - EVE/Services (0.0.1):
    - "!ProtoCompiler-gRPCPlugin (~> 1.0)"
    - EVE/Messages
    - gRPC-ProtoRPC
  - gRPC (1.10.0):
    - gRPC-RxLibrary (= 1.10.0)
    - gRPC/Main (= 1.10.0)
  - gRPC-Core (1.10.0):
    - gRPC-Core/Implementation (= 1.10.0)
    - gRPC-Core/Interface (= 1.10.0)
  - gRPC-Core/Implementation (1.10.0):
    - BoringSSL (~> 10.0)
    - gRPC-Core/Interface (= 1.10.0)
    - nanopb (~> 0.3)
  - gRPC-Core/Interface (1.10.0)
  - gRPC-ProtoRPC (1.10.0):
    - gRPC (= 1.10.0)
    - gRPC-RxLibrary (= 1.10.0)
    - Protobuf (~> 3.0)
  - gRPC-RxLibrary (1.10.0)
  - gRPC/Main (1.10.0):
    - gRPC-Core (= 1.10.0)
    - gRPC-RxLibrary (= 1.10.0)
  - HappyDNS (0.3.14)
  - JGProgressHUD (2.0.2)
  - KeychainAccess (3.1.1)
  - Kingfisher (4.7.0)
  - KYCircularProgress (1.1.0)
  - LayoutKit (7.0.2)
  - MessageListener (1.0.0)
  - nanopb (0.3.8):
    - nanopb/decode (= 0.3.8)
    - nanopb/encode (= 0.3.8)
  - nanopb/decode (0.3.8)
  - nanopb/encode (0.3.8)
  - Protobuf (3.5.0)
  - Qiniu (7.2.3):
    - HappyDNS (~> 0.3)
  - R.swift (4.0.0):
    - R.swift.Library (~> 4.0.0)
  - R.swift.Library (4.0.0)
  - Realm (3.3.2):
    - Realm/Headers (= 3.3.2)
  - Realm/Headers (3.3.2)
  - RealmSwift (3.3.2):
    - Realm (= 3.3.2)
  - RxCocoa (4.1.2):
    - RxSwift (~> 4.0)
  - RxSwift (4.1.2)
  - Tactile (2.0)
  - TanImagePicker (0.2.4)
  - WXWaveView (1.0.1)
  - YYText (1.0.7)

DEPENDENCIES:
  - Eureka
  - EVE (from `.`)
  - JGProgressHUD
  - KeychainAccess
  - Kingfisher
  - KYCircularProgress
  - LayoutKit
  - MessageListener
  - Qiniu
  - R.swift
  - RealmSwift
  - RxCocoa
  - RxSwift
  - Tactile
  - TanImagePicker
  - WXWaveView
  - YYText

SPEC REPOS:
  https://github.com/cocoapods/specs.git:
    - "!ProtoCompiler"
    - "!ProtoCompiler-gRPCPlugin"
    - BoringSSL
    - Eureka
    - gRPC
    - gRPC-Core
    - gRPC-ProtoRPC
    - gRPC-RxLibrary
    - HappyDNS
    - JGProgressHUD
    - KeychainAccess
    - Kingfisher
    - KYCircularProgress
    - LayoutKit
    - MessageListener
    - nanopb
    - Protobuf
    - Qiniu
    - R.swift
    - R.swift.Library
    - Realm
    - RealmSwift
    - RxCocoa
    - RxSwift
    - Tactile
    - TanImagePicker
    - WXWaveView
    - YYText

EXTERNAL SOURCES:
  EVE:
    :path: "."

SPEC CHECKSUMS:
  "!ProtoCompiler": 3e9dc8340c8f1bbab40aa0f5acb965a4be02f849
  "!ProtoCompiler-gRPCPlugin": 0aff40e77da3e31fc74052e94c39d5c02c8d8199
  BoringSSL: 60dd24df4af296bf41d78e5841dbb95d75f88c0d
  Eureka: b88fb930e42c79f8c03c373d0fcdc28c1d6c50ed
  EVE: 0b82d4ab41bc3580fd4febb4b09e2f54b2eb436a
  gRPC: f54f0e6d603052b4562447da442ce2ff30bcdacc
  gRPC-Core: a030b1678ded49c88ec5ba7c90ee8ee5f47ec6e1
  gRPC-ProtoRPC: 22712b23eb1bda656a59715fa5c1da0ea1493ea4
  gRPC-RxLibrary: a41a4652d220f230ba1c0491a94ce2ee04c6180a
  HappyDNS: dc6a164ee81979093123c241c6353bcf0218add6
  JGProgressHUD: bf75da151936cfd3c9b674afb17e8a5df2e14a7d
  KeychainAccess: 7bd430028059754a3debab3cfc0bd1fc7fb85df3
  Kingfisher: da6b005aa96d37698e3e4f1ccfe96a5b9bbf27d6
  KYCircularProgress: fc2aae269abf361da970605a7fc904837788e94d
  LayoutKit: 183c513f8322f4e22321499e54163864bcdf7d97
  MessageListener: 03a08e08927aaa5f4191fbb53e8624fd95c31285
  nanopb: 5601e6bca2dbf1ed831b519092ec110f66982ca3
  Protobuf: 8a9838fba8dae3389230e1b7f8c104aa32389c03
  Qiniu: ae0fea1cc379fae1560d8748ac537e0fbeb8626e
  R.swift: d6a5ec2f55a8441dc0ed9f1f8b37d7d11ae85c66
  R.swift.Library: c3af34921024333546e23b70e70d0b4e0cffca75
  Realm: d927fbf66df5532cfafc08afb5f7e53ded37b894
  RealmSwift: 4e903a494e05d866581d69ad6f7e7b879d446baf
  RxCocoa: d88ba0f1f6abf040011a9eb4b539324fc426843a
  RxSwift: e49536837d9901277638493ea537394d4b55f570
  Tactile: 22d5686693be17568351b95aa83ef37457cd40f4
  TanImagePicker: 88ce20ed587e7b0ec05b71f1afaf0edb76bf5a1b
  WXWaveView: f8424284812536a3842bc5dd9afb943e53e911a8
  YYText: 5c461d709e24d55a182d1441c41dc639a18a4849

PODFILE CHECKSUM: 34dfe461c2e18a550af5c36bb71ca88e87900ab2

COCOAPODS: 1.5.3
