// !$*UTF8*$!
{
	archiveVersion = 1;
	classes = {
	};
	objectVersion = 50;
	objects = {

/* Begin PBXBuildFile section */
		115EF805FEEC5E18245BCF8A /* Pods_WALL_E.framework in Frameworks */ = {isa = PBXBuildFile; fileRef = AC2FB3F1CBDCBDC47F5991C8 /* Pods_WALL_E.framework */; };
		BA013C91208DAFEA004689F0 /* Main.Conversations.Item.swift in Sources */ = {isa = PBXBuildFile; fileRef = BA013C90208DAFEA004689F0 /* Main.Conversations.Item.swift */; };
		BA013C93208DC12F004689F0 /* ImageProcessors.swift in Sources */ = {isa = PBXBuildFile; fileRef = BA013C92208DC12F004689F0 /* ImageProcessors.swift */; };
		BA013C95208DD7B9004689F0 /* UITableView+Rx.swift in Sources */ = {isa = PBXBuildFile; fileRef = BA013C94208DD7B9004689F0 /* UITableView+Rx.swift */; };
		BA013C97208DD8EC004689F0 /* Observable.swift in Sources */ = {isa = PBXBuildFile; fileRef = BA013C96208DD8EC004689F0 /* Observable.swift */; };
		BA013C9D208DE5EA004689F0 /* Profile.swift in Sources */ = {isa = PBXBuildFile; fileRef = BA013C9C208DE5EA004689F0 /* Profile.swift */; };
		BA013CA1208DE602004689F0 /* Profile.View.swift in Sources */ = {isa = PBXBuildFile; fileRef = BA013CA0208DE602004689F0 /* Profile.View.swift */; };
		BA1A99382085DE4500FAE3FA /* AppDelegate.swift in Sources */ = {isa = PBXBuildFile; fileRef = BA1A99372085DE4500FAE3FA /* AppDelegate.swift */; };
		BA1A993F2085DE4700FAE3FA /* Assets.xcassets in Resources */ = {isa = PBXBuildFile; fileRef = BA1A993E2085DE4700FAE3FA /* Assets.xcassets */; };
		BA1A99422085DE4700FAE3FA /* LaunchScreen.storyboard in Resources */ = {isa = PBXBuildFile; fileRef = BA1A99402085DE4700FAE3FA /* LaunchScreen.storyboard */; };
		BA1A994D2085DE4700FAE3FA /* WALL_ETests.swift in Sources */ = {isa = PBXBuildFile; fileRef = BA1A994C2085DE4700FAE3FA /* WALL_ETests.swift */; };
		BA3CCD77208B99770000D639 /* Main.swift in Sources */ = {isa = PBXBuildFile; fileRef = BA3CCD76208B99770000D639 /* Main.swift */; };
		BA3CCD79208B99820000D639 /* Main.View.swift in Sources */ = {isa = PBXBuildFile; fileRef = BA3CCD78208B99820000D639 /* Main.View.swift */; };
		BA3CCD7C208B99EA0000D639 /* Main.SegmentControl.swift in Sources */ = {isa = PBXBuildFile; fileRef = BA3CCD7B208B99EA0000D639 /* Main.SegmentControl.swift */; };
		BA3CCD7F208B9A500000D639 /* UI.swift in Sources */ = {isa = PBXBuildFile; fileRef = BA3CCD7E208B9A500000D639 /* UI.swift */; };
		BA3CCD82208BB0940000D639 /* Simple.swift in Sources */ = {isa = PBXBuildFile; fileRef = BA3CCD81208BB0940000D639 /* Simple.swift */; };
		BA3CCD84208BB4C80000D639 /* Operators.swift in Sources */ = {isa = PBXBuildFile; fileRef = BA3CCD83208BB4C80000D639 /* Operators.swift */; };
		BA3CCD87208C76180000D639 /* Disposable.swift in Sources */ = {isa = PBXBuildFile; fileRef = BA3CCD86208C76180000D639 /* Disposable.swift */; };
		BA3CCD89208C82B90000D639 /* Main.Contacts.View.swift in Sources */ = {isa = PBXBuildFile; fileRef = BA3CCD88208C82B90000D639 /* Main.Contacts.View.swift */; };
		BA3CCD8B208C83010000D639 /* Main.Conversations.View.swift in Sources */ = {isa = PBXBuildFile; fileRef = BA3CCD8A208C83010000D639 /* Main.Conversations.View.swift */; };
		BA3CCD8F208C9E810000D639 /* R.generated.swift in Sources */ = {isa = PBXBuildFile; fileRef = BA3CCD8E208C9E810000D639 /* R.generated.swift */; };
		BA3CCD92208CA4F90000D639 /* Root.swift in Sources */ = {isa = PBXBuildFile; fileRef = BA3CCD91208CA4F90000D639 /* Root.swift */; };
		BA3CCD94208CA5040000D639 /* Root.View.swift in Sources */ = {isa = PBXBuildFile; fileRef = BA3CCD93208CA5040000D639 /* Root.View.swift */; };
		BA3CCD97208CCE7B0000D639 /* Menu.swift in Sources */ = {isa = PBXBuildFile; fileRef = BA3CCD96208CCE7B0000D639 /* Menu.swift */; };
		BA3CCD99208CCE910000D639 /* Menu.View.swift in Sources */ = {isa = PBXBuildFile; fileRef = BA3CCD98208CCE910000D639 /* Menu.View.swift */; };
		BA3CCD9B208CD3F10000D639 /* UIButton.swift in Sources */ = {isa = PBXBuildFile; fileRef = BA3CCD9A208CD3F10000D639 /* UIButton.swift */; };
		BA783F71208CE4A200771E86 /* MenuContentView.xib in Resources */ = {isa = PBXBuildFile; fileRef = BA783F70208CE4A200771E86 /* MenuContentView.xib */; };
		BA783F73208CFAEA00771E86 /* ThemePickerView.xib in Resources */ = {isa = PBXBuildFile; fileRef = BA783F72208CFAEA00771E86 /* ThemePickerView.xib */; };
		BA88B7872092203A0014C860 /* AccessoryViewRevealer.swift in Sources */ = {isa = PBXBuildFile; fileRef = BA88B7862092203A0014C860 /* AccessoryViewRevealer.swift */; };
		BA88B789209220DB0014C860 /* Chat.Cell.swift in Sources */ = {isa = PBXBuildFile; fileRef = BA88B788209220DB0014C860 /* Chat.Cell.swift */; };
		BA88B78F2092374B0014C860 /* Settings.Model.swift in Sources */ = {isa = PBXBuildFile; fileRef = BA88B78E2092374B0014C860 /* Settings.Model.swift */; };
		BA8B312C209D93CD007C34CD /* Threads.swift in Sources */ = {isa = PBXBuildFile; fileRef = BA8B312B209D93CD007C34CD /* Threads.swift */; };
		BA8B312E209DF6CF007C34CD /* Contact.swift in Sources */ = {isa = PBXBuildFile; fileRef = BA8B312D209DF6CF007C34CD /* Contact.swift */; };
		BA8B3130209DFF03007C34CD /* Message.swift in Sources */ = {isa = PBXBuildFile; fileRef = BA8B312F209DFF03007C34CD /* Message.swift */; };
		BA8B3133209E016E007C34CD /* Context+Sync.swift in Sources */ = {isa = PBXBuildFile; fileRef = BA8B3132209E016E007C34CD /* Context+Sync.swift */; };
		BAA2EC8D208DF07B00C6F577 /* ProfileHeaderView.xib in Resources */ = {isa = PBXBuildFile; fileRef = BAA2EC8C208DF07B00C6F577 /* ProfileHeaderView.xib */; };
		BAA2EC8F208F030C00C6F577 /* curry.swift in Sources */ = {isa = PBXBuildFile; fileRef = BAA2EC8E208F030C00C6F577 /* curry.swift */; };
		BAA2EC94208F172800C6F577 /* Chat.swift in Sources */ = {isa = PBXBuildFile; fileRef = BAA2EC93208F172800C6F577 /* Chat.swift */; };
		BAA2EC96208F173600C6F577 /* Chat.View.swift in Sources */ = {isa = PBXBuildFile; fileRef = BAA2EC95208F173500C6F577 /* Chat.View.swift */; };
		BAA2EC9E208F1F9800C6F577 /* Chat.Transition.swift in Sources */ = {isa = PBXBuildFile; fileRef = BAA2EC9D208F1F9800C6F577 /* Chat.Transition.swift */; };
		BAA2ECA0208F34DD00C6F577 /* UIViewController.swift in Sources */ = {isa = PBXBuildFile; fileRef = BAA2EC9F208F34DD00C6F577 /* UIViewController.swift */; };
		BAA2ECA2208F3AB300C6F577 /* WeakArray.swift in Sources */ = {isa = PBXBuildFile; fileRef = BAA2ECA1208F3AB300C6F577 /* WeakArray.swift */; };
		BAA2ECA4208F5A2000C6F577 /* Chat.HeaderView.swift in Sources */ = {isa = PBXBuildFile; fileRef = BAA2ECA3208F5A2000C6F577 /* Chat.HeaderView.swift */; };
		BAA2ECA6208F7A8E00C6F577 /* Chat.InputView.swift in Sources */ = {isa = PBXBuildFile; fileRef = BAA2ECA5208F7A8E00C6F577 /* Chat.InputView.swift */; };
		BAA2ECA8208F821A00C6F577 /* Chat.Presenter.swift in Sources */ = {isa = PBXBuildFile; fileRef = BAA2ECA7208F821A00C6F577 /* Chat.Presenter.swift */; };
		BAA2ECAA209058AC00C6F577 /* Chat.ImagesPickerAdapter.swift in Sources */ = {isa = PBXBuildFile; fileRef = BAA2ECA9209058AC00C6F577 /* Chat.ImagesPickerAdapter.swift */; };
		BAA2ECAE20906ABF00C6F577 /* CrossSizeHittableView.swift in Sources */ = {isa = PBXBuildFile; fileRef = BAA2ECAD20906ABF00C6F577 /* CrossSizeHittableView.swift */; };
		BAA2ECB02090A0A000C6F577 /* UIView.swift in Sources */ = {isa = PBXBuildFile; fileRef = BAA2ECAF2090A0A000C6F577 /* UIView.swift */; };
		BAA2ECB52090A90000C6F577 /* LaunchViewController.swift in Sources */ = {isa = PBXBuildFile; fileRef = BAA2ECB42090A90000C6F577 /* LaunchViewController.swift */; };
		BAA2ECB72090AA4700C6F577 /* LaunchViewController.xib in Resources */ = {isa = PBXBuildFile; fileRef = BAA2ECB62090AA4700C6F577 /* LaunchViewController.xib */; };
		BAA2ECB92090CEA100C6F577 /* PreferenceStore.swift in Sources */ = {isa = PBXBuildFile; fileRef = BAA2ECB82090CEA000C6F577 /* PreferenceStore.swift */; };
		BAA2ECBF2090E12E00C6F577 /* Chat.Node.swift in Sources */ = {isa = PBXBuildFile; fileRef = BAA2ECBE2090E12E00C6F577 /* Chat.Node.swift */; };
		BAA2ECC52091916E00C6F577 /* Settings.swift in Sources */ = {isa = PBXBuildFile; fileRef = BAA2ECC42091916E00C6F577 /* Settings.swift */; };
		BAA2ECC72091918100C6F577 /* Settings.View.swift in Sources */ = {isa = PBXBuildFile; fileRef = BAA2ECC62091918000C6F577 /* Settings.View.swift */; };
		BAA2ECC9209191AD00C6F577 /* Settings.ContentView.swift in Sources */ = {isa = PBXBuildFile; fileRef = BAA2ECC8209191AD00C6F577 /* Settings.ContentView.swift */; };
		BAAFF4D3209C79360010CB4C /* EVE.swift in Sources */ = {isa = PBXBuildFile; fileRef = BAAFF4D2209C79360010CB4C /* EVE.swift */; };
		BAAFF4D5209C79810010CB4C /* EVE.Connecter.swift in Sources */ = {isa = PBXBuildFile; fileRef = BAAFF4D4209C79810010CB4C /* EVE.Connecter.swift */; };
		BAAFF4D8209D80D00010CB4C /* Context.swift in Sources */ = {isa = PBXBuildFile; fileRef = BAAFF4D7209D80D00010CB4C /* Context.swift */; };
		BAAFF4DB209D84BD0010CB4C /* Auto.swift in Sources */ = {isa = PBXBuildFile; fileRef = BAAFF4DA209D84BD0010CB4C /* Auto.swift */; };
		BAE8DF0A209E0D9D0021246E /* EVE.Request.swift in Sources */ = {isa = PBXBuildFile; fileRef = BAE8DF09209E0D9D0021246E /* EVE.Request.swift */; };
		BAE8DF0C209E0F7F0021246E /* EVE.Account.swift in Sources */ = {isa = PBXBuildFile; fileRef = BAE8DF0B209E0F7F0021246E /* EVE.Account.swift */; };
		BAE8DF0F209F1B6B0021246E /* Account.Login.swift in Sources */ = {isa = PBXBuildFile; fileRef = BAE8DF0E209F1B6B0021246E /* Account.Login.swift */; };
		BAE8DF13209F1E3B0021246E /* LoginView.xib in Resources */ = {isa = PBXBuildFile; fileRef = BAE8DF12209F1E3B0021246E /* LoginView.xib */; };
		BAE8DF15209F2E810021246E /* RegisterView.xib in Resources */ = {isa = PBXBuildFile; fileRef = BAE8DF14209F2E810021246E /* RegisterView.xib */; };
		BAE8DF17209F2E900021246E /* Account.Register.swift in Sources */ = {isa = PBXBuildFile; fileRef = BAE8DF16209F2E900021246E /* Account.Register.swift */; };
		BAE8DF19209F328B0021246E /* Account.swift in Sources */ = {isa = PBXBuildFile; fileRef = BAE8DF18209F328B0021246E /* Account.swift */; };
		BAE8DF1C209FEEF20021246E /* AvatarUploadView.swift in Sources */ = {isa = PBXBuildFile; fileRef = BAE8DF1B209FEEF20021246E /* AvatarUploadView.swift */; };
		BAE8DF20209FFB610021246E /* ImagePicker+Rx.swift in Sources */ = {isa = PBXBuildFile; fileRef = BAE8DF1F209FFB610021246E /* ImagePicker+Rx.swift */; };
		BAE8DF22209FFD950021246E /* MessageListener+Rx.swift in Sources */ = {isa = PBXBuildFile; fileRef = BAE8DF21209FFD950021246E /* MessageListener+Rx.swift */; };
		BAE8DF24209FFEB10021246E /* Error.swift in Sources */ = {isa = PBXBuildFile; fileRef = BAE8DF23209FFEB10021246E /* Error.swift */; };
		BAE8DF2620A00BB30021246E /* UIImage.swift in Sources */ = {isa = PBXBuildFile; fileRef = BAE8DF2520A00BB30021246E /* UIImage.swift */; };
		BAE8DF2820A017DA0021246E /* EVE.Uploader.swift in Sources */ = {isa = PBXBuildFile; fileRef = BAE8DF2720A017DA0021246E /* EVE.Uploader.swift */; };
		BAE8DF2A20A062AB0021246E /* HUD.swift in Sources */ = {isa = PBXBuildFile; fileRef = BAE8DF2920A062AB0021246E /* HUD.swift */; };
		BAFD041A2091C995009D132A /* Chat.NodeLayout.swift in Sources */ = {isa = PBXBuildFile; fileRef = BAFD04192091C995009D132A /* Chat.NodeLayout.swift */; };
		BAFD041C2091D62A009D132A /* Chat.ContentView.swift in Sources */ = {isa = PBXBuildFile; fileRef = BAFD041B2091D62A009D132A /* Chat.ContentView.swift */; };
		BAFD041E2091ED5C009D132A /* UIColor.swift in Sources */ = {isa = PBXBuildFile; fileRef = BAFD041D2091ED5C009D132A /* UIColor.swift */; };
		BAFF8DEC2093238500BFB1BF /* log.swift in Sources */ = {isa = PBXBuildFile; fileRef = BAFF8DEB2093238500BFB1BF /* log.swift */; };
/* End PBXBuildFile section */

/* Begin PBXContainerItemProxy section */
		BA1A99492085DE4700FAE3FA /* PBXContainerItemProxy */ = {
			isa = PBXContainerItemProxy;
			containerPortal = BA1A992C2085DE4500FAE3FA /* Project object */;
			proxyType = 1;
			remoteGlobalIDString = BA1A99332085DE4500FAE3FA;
			remoteInfo = "WALL-E";
		};
/* End PBXContainerItemProxy section */

/* Begin PBXFileReference section */
		794BFAF67287F94699EB1944 /* Pods-WALL-E.release.xcconfig */ = {isa = PBXFileReference; includeInIndex = 1; lastKnownFileType = text.xcconfig; name = "Pods-WALL-E.release.xcconfig"; path = "Pods/Target Support Files/Pods-WALL-E/Pods-WALL-E.release.xcconfig"; sourceTree = "<group>"; };
		AC2FB3F1CBDCBDC47F5991C8 /* Pods_WALL_E.framework */ = {isa = PBXFileReference; explicitFileType = wrapper.framework; includeInIndex = 0; path = Pods_WALL_E.framework; sourceTree = BUILT_PRODUCTS_DIR; };
		BA013C90208DAFEA004689F0 /* Main.Conversations.Item.swift */ = {isa = PBXFileReference; lastKnownFileType = sourcecode.swift; path = Main.Conversations.Item.swift; sourceTree = "<group>"; };
		BA013C92208DC12F004689F0 /* ImageProcessors.swift */ = {isa = PBXFileReference; lastKnownFileType = sourcecode.swift; path = ImageProcessors.swift; sourceTree = "<group>"; };
		BA013C94208DD7B9004689F0 /* UITableView+Rx.swift */ = {isa = PBXFileReference; lastKnownFileType = sourcecode.swift; path = "UITableView+Rx.swift"; sourceTree = "<group>"; };
		BA013C96208DD8EC004689F0 /* Observable.swift */ = {isa = PBXFileReference; lastKnownFileType = sourcecode.swift; path = Observable.swift; sourceTree = "<group>"; };
		BA013C9C208DE5EA004689F0 /* Profile.swift */ = {isa = PBXFileReference; fileEncoding = 4; lastKnownFileType = sourcecode.swift; path = Profile.swift; sourceTree = "<group>"; };
		BA013CA0208DE602004689F0 /* Profile.View.swift */ = {isa = PBXFileReference; lastKnownFileType = sourcecode.swift; path = Profile.View.swift; sourceTree = "<group>"; };
		BA1A99342085DE4500FAE3FA /* WALL-E.app */ = {isa = PBXFileReference; explicitFileType = wrapper.application; includeInIndex = 0; path = "WALL-E.app"; sourceTree = BUILT_PRODUCTS_DIR; };
		BA1A99372085DE4500FAE3FA /* AppDelegate.swift */ = {isa = PBXFileReference; lastKnownFileType = sourcecode.swift; path = AppDelegate.swift; sourceTree = "<group>"; };
		BA1A993E2085DE4700FAE3FA /* Assets.xcassets */ = {isa = PBXFileReference; lastKnownFileType = folder.assetcatalog; path = Assets.xcassets; sourceTree = "<group>"; };
		BA1A99412085DE4700FAE3FA /* Base */ = {isa = PBXFileReference; lastKnownFileType = file.storyboard; name = Base; path = Base.lproj/LaunchScreen.storyboard; sourceTree = "<group>"; };
		BA1A99432085DE4700FAE3FA /* Info.plist */ = {isa = PBXFileReference; lastKnownFileType = text.plist.xml; path = Info.plist; sourceTree = "<group>"; };
		BA1A99482085DE4700FAE3FA /* WALL-ETests.xctest */ = {isa = PBXFileReference; explicitFileType = wrapper.cfbundle; includeInIndex = 0; path = "WALL-ETests.xctest"; sourceTree = BUILT_PRODUCTS_DIR; };
		BA1A994C2085DE4700FAE3FA /* WALL_ETests.swift */ = {isa = PBXFileReference; lastKnownFileType = sourcecode.swift; path = WALL_ETests.swift; sourceTree = "<group>"; };
		BA1A994E2085DE4700FAE3FA /* Info.plist */ = {isa = PBXFileReference; lastKnownFileType = text.plist.xml; path = Info.plist; sourceTree = "<group>"; };
		BA3CCD76208B99770000D639 /* Main.swift */ = {isa = PBXFileReference; lastKnownFileType = sourcecode.swift; path = Main.swift; sourceTree = "<group>"; };
		BA3CCD78208B99820000D639 /* Main.View.swift */ = {isa = PBXFileReference; lastKnownFileType = sourcecode.swift; path = Main.View.swift; sourceTree = "<group>"; };
		BA3CCD7B208B99EA0000D639 /* Main.SegmentControl.swift */ = {isa = PBXFileReference; lastKnownFileType = sourcecode.swift; path = Main.SegmentControl.swift; sourceTree = "<group>"; };
		BA3CCD7E208B9A500000D639 /* UI.swift */ = {isa = PBXFileReference; lastKnownFileType = sourcecode.swift; path = UI.swift; sourceTree = "<group>"; };
		BA3CCD81208BB0940000D639 /* Simple.swift */ = {isa = PBXFileReference; lastKnownFileType = sourcecode.swift; path = Simple.swift; sourceTree = "<group>"; };
		BA3CCD83208BB4C80000D639 /* Operators.swift */ = {isa = PBXFileReference; lastKnownFileType = sourcecode.swift; path = Operators.swift; sourceTree = "<group>"; };
		BA3CCD86208C76180000D639 /* Disposable.swift */ = {isa = PBXFileReference; lastKnownFileType = sourcecode.swift; path = Disposable.swift; sourceTree = "<group>"; };
		BA3CCD88208C82B90000D639 /* Main.Contacts.View.swift */ = {isa = PBXFileReference; lastKnownFileType = sourcecode.swift; path = Main.Contacts.View.swift; sourceTree = "<group>"; };
		BA3CCD8A208C83010000D639 /* Main.Conversations.View.swift */ = {isa = PBXFileReference; lastKnownFileType = sourcecode.swift; path = Main.Conversations.View.swift; sourceTree = "<group>"; };
		BA3CCD8E208C9E810000D639 /* R.generated.swift */ = {isa = PBXFileReference; fileEncoding = 4; lastKnownFileType = sourcecode.swift; path = R.generated.swift; sourceTree = "<group>"; };
		BA3CCD91208CA4F90000D639 /* Root.swift */ = {isa = PBXFileReference; lastKnownFileType = sourcecode.swift; path = Root.swift; sourceTree = "<group>"; };
		BA3CCD93208CA5040000D639 /* Root.View.swift */ = {isa = PBXFileReference; lastKnownFileType = sourcecode.swift; path = Root.View.swift; sourceTree = "<group>"; };
		BA3CCD96208CCE7B0000D639 /* Menu.swift */ = {isa = PBXFileReference; lastKnownFileType = sourcecode.swift; path = Menu.swift; sourceTree = "<group>"; };
		BA3CCD98208CCE910000D639 /* Menu.View.swift */ = {isa = PBXFileReference; lastKnownFileType = sourcecode.swift; path = Menu.View.swift; sourceTree = "<group>"; };
		BA3CCD9A208CD3F10000D639 /* UIButton.swift */ = {isa = PBXFileReference; lastKnownFileType = sourcecode.swift; path = UIButton.swift; sourceTree = "<group>"; };
		BA783F70208CE4A200771E86 /* MenuContentView.xib */ = {isa = PBXFileReference; lastKnownFileType = file.xib; path = MenuContentView.xib; sourceTree = "<group>"; };
		BA783F72208CFAEA00771E86 /* ThemePickerView.xib */ = {isa = PBXFileReference; lastKnownFileType = file.xib; path = ThemePickerView.xib; sourceTree = "<group>"; };
		BA88B7862092203A0014C860 /* AccessoryViewRevealer.swift */ = {isa = PBXFileReference; lastKnownFileType = sourcecode.swift; path = AccessoryViewRevealer.swift; sourceTree = "<group>"; };
		BA88B788209220DB0014C860 /* Chat.Cell.swift */ = {isa = PBXFileReference; lastKnownFileType = sourcecode.swift; path = Chat.Cell.swift; sourceTree = "<group>"; };
		BA88B78E2092374B0014C860 /* Settings.Model.swift */ = {isa = PBXFileReference; lastKnownFileType = sourcecode.swift; path = Settings.Model.swift; sourceTree = "<group>"; };
		BA8B312B209D93CD007C34CD /* Threads.swift */ = {isa = PBXFileReference; lastKnownFileType = sourcecode.swift; path = Threads.swift; sourceTree = "<group>"; };
		BA8B312D209DF6CF007C34CD /* Contact.swift */ = {isa = PBXFileReference; lastKnownFileType = sourcecode.swift; path = Contact.swift; sourceTree = "<group>"; };
		BA8B312F209DFF03007C34CD /* Message.swift */ = {isa = PBXFileReference; lastKnownFileType = sourcecode.swift; path = Message.swift; sourceTree = "<group>"; };
		BA8B3132209E016E007C34CD /* Context+Sync.swift */ = {isa = PBXFileReference; lastKnownFileType = sourcecode.swift; path = "Context+Sync.swift"; sourceTree = "<group>"; };
		BAA2EC8C208DF07B00C6F577 /* ProfileHeaderView.xib */ = {isa = PBXFileReference; lastKnownFileType = file.xib; path = ProfileHeaderView.xib; sourceTree = "<group>"; };
		BAA2EC8E208F030C00C6F577 /* curry.swift */ = {isa = PBXFileReference; lastKnownFileType = sourcecode.swift; path = curry.swift; sourceTree = "<group>"; };
		BAA2EC93208F172800C6F577 /* Chat.swift */ = {isa = PBXFileReference; lastKnownFileType = sourcecode.swift; path = Chat.swift; sourceTree = "<group>"; };
		BAA2EC95208F173500C6F577 /* Chat.View.swift */ = {isa = PBXFileReference; lastKnownFileType = sourcecode.swift; path = Chat.View.swift; sourceTree = "<group>"; };
		BAA2EC9D208F1F9800C6F577 /* Chat.Transition.swift */ = {isa = PBXFileReference; lastKnownFileType = sourcecode.swift; path = Chat.Transition.swift; sourceTree = "<group>"; };
		BAA2EC9F208F34DD00C6F577 /* UIViewController.swift */ = {isa = PBXFileReference; lastKnownFileType = sourcecode.swift; path = UIViewController.swift; sourceTree = "<group>"; };
		BAA2ECA1208F3AB300C6F577 /* WeakArray.swift */ = {isa = PBXFileReference; lastKnownFileType = sourcecode.swift; path = WeakArray.swift; sourceTree = "<group>"; };
		BAA2ECA3208F5A2000C6F577 /* Chat.HeaderView.swift */ = {isa = PBXFileReference; lastKnownFileType = sourcecode.swift; path = Chat.HeaderView.swift; sourceTree = "<group>"; };
		BAA2ECA5208F7A8E00C6F577 /* Chat.InputView.swift */ = {isa = PBXFileReference; lastKnownFileType = sourcecode.swift; path = Chat.InputView.swift; sourceTree = "<group>"; };
		BAA2ECA7208F821A00C6F577 /* Chat.Presenter.swift */ = {isa = PBXFileReference; lastKnownFileType = sourcecode.swift; path = Chat.Presenter.swift; sourceTree = "<group>"; };
		BAA2ECA9209058AC00C6F577 /* Chat.ImagesPickerAdapter.swift */ = {isa = PBXFileReference; lastKnownFileType = sourcecode.swift; path = Chat.ImagesPickerAdapter.swift; sourceTree = "<group>"; };
		BAA2ECAD20906ABF00C6F577 /* CrossSizeHittableView.swift */ = {isa = PBXFileReference; lastKnownFileType = sourcecode.swift; path = CrossSizeHittableView.swift; sourceTree = "<group>"; };
		BAA2ECAF2090A0A000C6F577 /* UIView.swift */ = {isa = PBXFileReference; lastKnownFileType = sourcecode.swift; path = UIView.swift; sourceTree = "<group>"; };
		BAA2ECB42090A90000C6F577 /* LaunchViewController.swift */ = {isa = PBXFileReference; lastKnownFileType = sourcecode.swift; path = LaunchViewController.swift; sourceTree = "<group>"; };
		BAA2ECB62090AA4700C6F577 /* LaunchViewController.xib */ = {isa = PBXFileReference; lastKnownFileType = file.xib; path = LaunchViewController.xib; sourceTree = "<group>"; };
		BAA2ECB82090CEA000C6F577 /* PreferenceStore.swift */ = {isa = PBXFileReference; lastKnownFileType = sourcecode.swift; path = PreferenceStore.swift; sourceTree = "<group>"; };
		BAA2ECBE2090E12E00C6F577 /* Chat.Node.swift */ = {isa = PBXFileReference; lastKnownFileType = sourcecode.swift; path = Chat.Node.swift; sourceTree = "<group>"; };
		BAA2ECC42091916E00C6F577 /* Settings.swift */ = {isa = PBXFileReference; lastKnownFileType = sourcecode.swift; path = Settings.swift; sourceTree = "<group>"; };
		BAA2ECC62091918000C6F577 /* Settings.View.swift */ = {isa = PBXFileReference; lastKnownFileType = sourcecode.swift; path = Settings.View.swift; sourceTree = "<group>"; };
		BAA2ECC8209191AD00C6F577 /* Settings.ContentView.swift */ = {isa = PBXFileReference; lastKnownFileType = sourcecode.swift; path = Settings.ContentView.swift; sourceTree = "<group>"; };
		BAAFF4D2209C79360010CB4C /* EVE.swift */ = {isa = PBXFileReference; lastKnownFileType = sourcecode.swift; path = EVE.swift; sourceTree = "<group>"; };
		BAAFF4D4209C79810010CB4C /* EVE.Connecter.swift */ = {isa = PBXFileReference; lastKnownFileType = sourcecode.swift; path = EVE.Connecter.swift; sourceTree = "<group>"; };
		BAAFF4D7209D80D00010CB4C /* Context.swift */ = {isa = PBXFileReference; lastKnownFileType = sourcecode.swift; path = Context.swift; sourceTree = "<group>"; };
		BAAFF4DA209D84BD0010CB4C /* Auto.swift */ = {isa = PBXFileReference; lastKnownFileType = sourcecode.swift; path = Auto.swift; sourceTree = "<group>"; };
		BAE8DF09209E0D9D0021246E /* EVE.Request.swift */ = {isa = PBXFileReference; lastKnownFileType = sourcecode.swift; path = EVE.Request.swift; sourceTree = "<group>"; };
		BAE8DF0B209E0F7F0021246E /* EVE.Account.swift */ = {isa = PBXFileReference; lastKnownFileType = sourcecode.swift; path = EVE.Account.swift; sourceTree = "<group>"; };
		BAE8DF0E209F1B6B0021246E /* Account.Login.swift */ = {isa = PBXFileReference; lastKnownFileType = sourcecode.swift; path = Account.Login.swift; sourceTree = "<group>"; };
		BAE8DF12209F1E3B0021246E /* LoginView.xib */ = {isa = PBXFileReference; lastKnownFileType = file.xib; path = LoginView.xib; sourceTree = "<group>"; };
		BAE8DF14209F2E810021246E /* RegisterView.xib */ = {isa = PBXFileReference; lastKnownFileType = file.xib; path = RegisterView.xib; sourceTree = "<group>"; };
		BAE8DF16209F2E900021246E /* Account.Register.swift */ = {isa = PBXFileReference; lastKnownFileType = sourcecode.swift; path = Account.Register.swift; sourceTree = "<group>"; };
		BAE8DF18209F328B0021246E /* Account.swift */ = {isa = PBXFileReference; lastKnownFileType = sourcecode.swift; path = Account.swift; sourceTree = "<group>"; };
		BAE8DF1B209FEEF20021246E /* AvatarUploadView.swift */ = {isa = PBXFileReference; lastKnownFileType = sourcecode.swift; path = AvatarUploadView.swift; sourceTree = "<group>"; };
		BAE8DF1F209FFB610021246E /* ImagePicker+Rx.swift */ = {isa = PBXFileReference; lastKnownFileType = sourcecode.swift; path = "ImagePicker+Rx.swift"; sourceTree = "<group>"; };
		BAE8DF21209FFD950021246E /* MessageListener+Rx.swift */ = {isa = PBXFileReference; lastKnownFileType = sourcecode.swift; path = "MessageListener+Rx.swift"; sourceTree = "<group>"; };
		BAE8DF23209FFEB10021246E /* Error.swift */ = {isa = PBXFileReference; lastKnownFileType = sourcecode.swift; path = Error.swift; sourceTree = "<group>"; };
		BAE8DF2520A00BB30021246E /* UIImage.swift */ = {isa = PBXFileReference; lastKnownFileType = sourcecode.swift; path = UIImage.swift; sourceTree = "<group>"; };
		BAE8DF2720A017DA0021246E /* EVE.Uploader.swift */ = {isa = PBXFileReference; lastKnownFileType = sourcecode.swift; path = EVE.Uploader.swift; sourceTree = "<group>"; };
		BAE8DF2920A062AB0021246E /* HUD.swift */ = {isa = PBXFileReference; lastKnownFileType = sourcecode.swift; path = HUD.swift; sourceTree = "<group>"; };
		BAFD04192091C995009D132A /* Chat.NodeLayout.swift */ = {isa = PBXFileReference; lastKnownFileType = sourcecode.swift; path = Chat.NodeLayout.swift; sourceTree = "<group>"; };
		BAFD041B2091D62A009D132A /* Chat.ContentView.swift */ = {isa = PBXFileReference; lastKnownFileType = sourcecode.swift; path = Chat.ContentView.swift; sourceTree = "<group>"; };
		BAFD041D2091ED5C009D132A /* UIColor.swift */ = {isa = PBXFileReference; lastKnownFileType = sourcecode.swift; path = UIColor.swift; sourceTree = "<group>"; };
		BAFF8DEB2093238500BFB1BF /* log.swift */ = {isa = PBXFileReference; lastKnownFileType = sourcecode.swift; path = log.swift; sourceTree = "<group>"; };
		D6E5B6B7A8C93248B230FF43 /* Pods-WALL-E.debug.xcconfig */ = {isa = PBXFileReference; includeInIndex = 1; lastKnownFileType = text.xcconfig; name = "Pods-WALL-E.debug.xcconfig"; path = "Pods/Target Support Files/Pods-WALL-E/Pods-WALL-E.debug.xcconfig"; sourceTree = "<group>"; };
/* End PBXFileReference section */

/* Begin PBXFrameworksBuildPhase section */
		BA1A99312085DE4500FAE3FA /* Frameworks */ = {
			isa = PBXFrameworksBuildPhase;
			buildActionMask = 2147483647;
			files = (
				115EF805FEEC5E18245BCF8A /* Pods_WALL_E.framework in Frameworks */,
			);
			runOnlyForDeploymentPostprocessing = 0;
		};
		BA1A99452085DE4700FAE3FA /* Frameworks */ = {
			isa = PBXFrameworksBuildPhase;
			buildActionMask = 2147483647;
			files = (
			);
			runOnlyForDeploymentPostprocessing = 0;
		};
/* End PBXFrameworksBuildPhase section */

/* Begin PBXGroup section */
		2A9861CEAEEFB97BA3B6833B /* Frameworks */ = {
			isa = PBXGroup;
			children = (
				AC2FB3F1CBDCBDC47F5991C8 /* Pods_WALL_E.framework */,
			);
			name = Frameworks;
			sourceTree = "<group>";
		};
		BA013C8E208DAFB3004689F0 /* Contacts */ = {
			isa = PBXGroup;
			children = (
				BA3CCD88208C82B90000D639 /* Main.Contacts.View.swift */,
			);
			path = Contacts;
			sourceTree = "<group>";
		};
		BA013C8F208DAFBC004689F0 /* Conversations */ = {
			isa = PBXGroup;
			children = (
				BA3CCD8A208C83010000D639 /* Main.Conversations.View.swift */,
				BA013C90208DAFEA004689F0 /* Main.Conversations.Item.swift */,
			);
			path = Conversations;
			sourceTree = "<group>";
		};
		BA013C9B208DE5EA004689F0 /* Profile */ = {
			isa = PBXGroup;
			children = (
				BA013C9C208DE5EA004689F0 /* Profile.swift */,
				BA013CA0208DE602004689F0 /* Profile.View.swift */,
				BAA2EC8C208DF07B00C6F577 /* ProfileHeaderView.xib */,
			);
			path = Profile;
			sourceTree = "<group>";
		};
		BA1A992B2085DE4500FAE3FA = {
			isa = PBXGroup;
			children = (
				BA1A99362085DE4500FAE3FA /* WALL-E */,
				BA1A994B2085DE4700FAE3FA /* WALL-ETests */,
				BA1A99352085DE4500FAE3FA /* Products */,
				D40534D51AB1F005E30D710C /* Pods */,
				2A9861CEAEEFB97BA3B6833B /* Frameworks */,
			);
			sourceTree = "<group>";
		};
		BA1A99352085DE4500FAE3FA /* Products */ = {
			isa = PBXGroup;
			children = (
				BA1A99342085DE4500FAE3FA /* WALL-E.app */,
				BA1A99482085DE4700FAE3FA /* WALL-ETests.xctest */,
			);
			name = Products;
			sourceTree = "<group>";
		};
		BA1A99362085DE4500FAE3FA /* WALL-E */ = {
			isa = PBXGroup;
			children = (
				BAA2ECB32090A8E200C6F577 /* Launch */,
				BA3CCD9C208CD4030000D639 /* Source */,
				BA3CCD8C208C9DDF0000D639 /* Assets */,
				BA3CCD80208BB0620000D639 /* FP */,
				BA3CCD7D208B9A220000D639 /* Commons */,
				BA1A99372085DE4500FAE3FA /* AppDelegate.swift */,
				BA1A99432085DE4700FAE3FA /* Info.plist */,
			);
			path = "WALL-E";
			sourceTree = "<group>";
		};
		BA1A994B2085DE4700FAE3FA /* WALL-ETests */ = {
			isa = PBXGroup;
			children = (
				BA1A994C2085DE4700FAE3FA /* WALL_ETests.swift */,
				BA1A994E2085DE4700FAE3FA /* Info.plist */,
			);
			path = "WALL-ETests";
			sourceTree = "<group>";
		};
		BA3CCD7A208B99CA0000D639 /* Main */ = {
			isa = PBXGroup;
			children = (
				BA3CCD76208B99770000D639 /* Main.swift */,
				BA3CCD78208B99820000D639 /* Main.View.swift */,
				BA3CCD7B208B99EA0000D639 /* Main.SegmentControl.swift */,
				BA013C8F208DAFBC004689F0 /* Conversations */,
				BA013C8E208DAFB3004689F0 /* Contacts */,
			);
			path = Main;
			sourceTree = "<group>";
		};
		BA3CCD7D208B9A220000D639 /* Commons */ = {
			isa = PBXGroup;
			children = (
				BAE8DF1A209FEED30021246E /* Controls */,
				BA3CCD85208C76090000D639 /* Extensions */,
				BA3CCD7E208B9A500000D639 /* UI.swift */,
				BA013C92208DC12F004689F0 /* ImageProcessors.swift */,
				BAA2ECA1208F3AB300C6F577 /* WeakArray.swift */,
				BAA2ECAD20906ABF00C6F577 /* CrossSizeHittableView.swift */,
				BAA2ECB82090CEA000C6F577 /* PreferenceStore.swift */,
				BA8B312B209D93CD007C34CD /* Threads.swift */,
				BAE8DF23209FFEB10021246E /* Error.swift */,
				BAE8DF2920A062AB0021246E /* HUD.swift */,
			);
			path = Commons;
			sourceTree = "<group>";
		};
		BA3CCD80208BB0620000D639 /* FP */ = {
			isa = PBXGroup;
			children = (
				BA3CCD81208BB0940000D639 /* Simple.swift */,
				BA3CCD83208BB4C80000D639 /* Operators.swift */,
				BAA2EC8E208F030C00C6F577 /* curry.swift */,
			);
			path = FP;
			sourceTree = "<group>";
		};
		BA3CCD85208C76090000D639 /* Extensions */ = {
			isa = PBXGroup;
			children = (
				BA3CCD86208C76180000D639 /* Disposable.swift */,
				BA3CCD9A208CD3F10000D639 /* UIButton.swift */,
				BA013C94208DD7B9004689F0 /* UITableView+Rx.swift */,
				BA013C96208DD8EC004689F0 /* Observable.swift */,
				BAA2EC9F208F34DD00C6F577 /* UIViewController.swift */,
				BAA2ECAF2090A0A000C6F577 /* UIView.swift */,
				BAFD041D2091ED5C009D132A /* UIColor.swift */,
				BAE8DF1F209FFB610021246E /* ImagePicker+Rx.swift */,
				BAE8DF21209FFD950021246E /* MessageListener+Rx.swift */,
				BAE8DF2520A00BB30021246E /* UIImage.swift */,
			);
			path = Extensions;
			sourceTree = "<group>";
		};
		BA3CCD8C208C9DDF0000D639 /* Assets */ = {
			isa = PBXGroup;
			children = (
				BA3CCD8E208C9E810000D639 /* R.generated.swift */,
				BA1A993E2085DE4700FAE3FA /* Assets.xcassets */,
			);
			path = Assets;
			sourceTree = "<group>";
		};
		BA3CCD90208CA4EA0000D639 /* Root */ = {
			isa = PBXGroup;
			children = (
				BA3CCD91208CA4F90000D639 /* Root.swift */,
				BA3CCD93208CA5040000D639 /* Root.View.swift */,
			);
			path = Root;
			sourceTree = "<group>";
		};
		BA3CCD95208CCE6F0000D639 /* Menu */ = {
			isa = PBXGroup;
			children = (
				BA3CCD96208CCE7B0000D639 /* Menu.swift */,
				BA3CCD98208CCE910000D639 /* Menu.View.swift */,
				BA783F70208CE4A200771E86 /* MenuContentView.xib */,
				BA783F72208CFAEA00771E86 /* ThemePickerView.xib */,
			);
			path = Menu;
			sourceTree = "<group>";
		};
		BA3CCD9C208CD4030000D639 /* Source */ = {
			isa = PBXGroup;
			children = (
				BAE8DF0D209F1B5E0021246E /* Account */,
				BAAFF4D6209D80B90010CB4C /* Model */,
				BAAFF4D1209C78E10010CB4C /* EVE */,
				BAA2ECC32091915000C6F577 /* Settings */,
				BAA2ECBA2090DCD900C6F577 /* Global */,
				BAA2EC90208F16C100C6F577 /* Chat */,
				BA013C9B208DE5EA004689F0 /* Profile */,
				BA3CCD95208CCE6F0000D639 /* Menu */,
				BA3CCD90208CA4EA0000D639 /* Root */,
				BA3CCD7A208B99CA0000D639 /* Main */,
			);
			path = Source;
			sourceTree = "<group>";
		};
		BA88B785209220140014C860 /* AccessoryViewRevealer */ = {
			isa = PBXGroup;
			children = (
				BA88B7862092203A0014C860 /* AccessoryViewRevealer.swift */,
			);
			path = AccessoryViewRevealer;
			sourceTree = "<group>";
		};
		BA8B3131209E0158007C34CD /* Context */ = {
			isa = PBXGroup;
			children = (
				BAAFF4D7209D80D00010CB4C /* Context.swift */,
				BA8B3132209E016E007C34CD /* Context+Sync.swift */,
			);
			path = Context;
			sourceTree = "<group>";
		};
		BAA2EC90208F16C100C6F577 /* Chat */ = {
			isa = PBXGroup;
			children = (
				BA88B785209220140014C860 /* AccessoryViewRevealer */,
				BAA2ECBD2090E11C00C6F577 /* Node */,
				BAA2EC93208F172800C6F577 /* Chat.swift */,
				BAA2EC95208F173500C6F577 /* Chat.View.swift */,
				BAFD041B2091D62A009D132A /* Chat.ContentView.swift */,
				BAA2ECA7208F821A00C6F577 /* Chat.Presenter.swift */,
				BAA2EC9D208F1F9800C6F577 /* Chat.Transition.swift */,
				BAA2ECA3208F5A2000C6F577 /* Chat.HeaderView.swift */,
				BAA2ECA5208F7A8E00C6F577 /* Chat.InputView.swift */,
				BAA2ECA9209058AC00C6F577 /* Chat.ImagesPickerAdapter.swift */,
			);
			path = Chat;
			sourceTree = "<group>";
		};
		BAA2ECB32090A8E200C6F577 /* Launch */ = {
			isa = PBXGroup;
			children = (
				BA1A99402085DE4700FAE3FA /* LaunchScreen.storyboard */,
				BAA2ECB42090A90000C6F577 /* LaunchViewController.swift */,
				BAA2ECB62090AA4700C6F577 /* LaunchViewController.xib */,
			);
			path = Launch;
			sourceTree = "<group>";
		};
		BAA2ECBA2090DCD900C6F577 /* Global */ = {
			isa = PBXGroup;
			children = (
				BAFF8DEB2093238500BFB1BF /* log.swift */,
			);
			path = Global;
			sourceTree = "<group>";
		};
		BAA2ECBD2090E11C00C6F577 /* Node */ = {
			isa = PBXGroup;
			children = (
				BAA2ECBE2090E12E00C6F577 /* Chat.Node.swift */,
				BAFD04192091C995009D132A /* Chat.NodeLayout.swift */,
				BA88B788209220DB0014C860 /* Chat.Cell.swift */,
			);
			path = Node;
			sourceTree = "<group>";
		};
		BAA2ECC32091915000C6F577 /* Settings */ = {
			isa = PBXGroup;
			children = (
				BAA2ECC42091916E00C6F577 /* Settings.swift */,
				BAA2ECC62091918000C6F577 /* Settings.View.swift */,
				BAA2ECC8209191AD00C6F577 /* Settings.ContentView.swift */,
				BA88B78E2092374B0014C860 /* Settings.Model.swift */,
			);
			path = Settings;
			sourceTree = "<group>";
		};
		BAAFF4D1209C78E10010CB4C /* EVE */ = {
			isa = PBXGroup;
			children = (
				BAAFF4D2209C79360010CB4C /* EVE.swift */,
				BAAFF4D4209C79810010CB4C /* EVE.Connecter.swift */,
				BAE8DF09209E0D9D0021246E /* EVE.Request.swift */,
				BAE8DF0B209E0F7F0021246E /* EVE.Account.swift */,
				BAE8DF2720A017DA0021246E /* EVE.Uploader.swift */,
			);
			path = EVE;
			sourceTree = "<group>";
		};
		BAAFF4D6209D80B90010CB4C /* Model */ = {
			isa = PBXGroup;
			children = (
				BA8B3131209E0158007C34CD /* Context */,
				BAAFF4D9209D80D90010CB4C /* Auto */,
				BA8B312D209DF6CF007C34CD /* Contact.swift */,
				BA8B312F209DFF03007C34CD /* Message.swift */,
			);
			path = Model;
			sourceTree = "<group>";
		};
		BAAFF4D9209D80D90010CB4C /* Auto */ = {
			isa = PBXGroup;
			children = (
				BAAFF4DA209D84BD0010CB4C /* Auto.swift */,
			);
			path = Auto;
			sourceTree = "<group>";
		};
		BAE8DF0D209F1B5E0021246E /* Account */ = {
			isa = PBXGroup;
			children = (
				BAE8DF0E209F1B6B0021246E /* Account.Login.swift */,
				BAE8DF12209F1E3B0021246E /* LoginView.xib */,
				BAE8DF14209F2E810021246E /* RegisterView.xib */,
				BAE8DF16209F2E900021246E /* Account.Register.swift */,
				BAE8DF18209F328B0021246E /* Account.swift */,
			);
			path = Account;
			sourceTree = "<group>";
		};
		BAE8DF1A209FEED30021246E /* Controls */ = {
			isa = PBXGroup;
			children = (
				BAE8DF1B209FEEF20021246E /* AvatarUploadView.swift */,
			);
			path = Controls;
			sourceTree = "<group>";
		};
		D40534D51AB1F005E30D710C /* Pods */ = {
			isa = PBXGroup;
			children = (
				D6E5B6B7A8C93248B230FF43 /* Pods-WALL-E.debug.xcconfig */,
				794BFAF67287F94699EB1944 /* Pods-WALL-E.release.xcconfig */,
			);
			name = Pods;
			sourceTree = "<group>";
		};
/* End PBXGroup section */

/* Begin PBXNativeTarget section */
		BA1A99332085DE4500FAE3FA /* WALL-E */ = {
			isa = PBXNativeTarget;
			buildConfigurationList = BA1A99512085DE4700FAE3FA /* Build configuration list for PBXNativeTarget "WALL-E" */;
			buildPhases = (
				B7C2D183E1FBF9365A4335AF /* [CP] Check Pods Manifest.lock */,
				BA3CCD8D208C9E210000D639 /* R.Swift */,
				BA1A99302085DE4500FAE3FA /* Sources */,
				BA1A99312085DE4500FAE3FA /* Frameworks */,
				BA1A99322085DE4500FAE3FA /* Resources */,
				1C50811727ADB363E41EFA73 /* [CP] Embed Pods Frameworks */,
			);
			buildRules = (
			);
			dependencies = (
			);
			name = "WALL-E";
			productName = "WALL-E";
			productReference = BA1A99342085DE4500FAE3FA /* WALL-E.app */;
			productType = "com.apple.product-type.application";
		};
		BA1A99472085DE4700FAE3FA /* WALL-ETests */ = {
			isa = PBXNativeTarget;
			buildConfigurationList = BA1A99542085DE4700FAE3FA /* Build configuration list for PBXNativeTarget "WALL-ETests" */;
			buildPhases = (
				BA1A99442085DE4700FAE3FA /* Sources */,
				BA1A99452085DE4700FAE3FA /* Frameworks */,
				BA1A99462085DE4700FAE3FA /* Resources */,
			);
			buildRules = (
			);
			dependencies = (
				BA1A994A2085DE4700FAE3FA /* PBXTargetDependency */,
			);
			name = "WALL-ETests";
			productName = "WALL-ETests";
			productReference = BA1A99482085DE4700FAE3FA /* WALL-ETests.xctest */;
			productType = "com.apple.product-type.bundle.unit-test";
		};
/* End PBXNativeTarget section */

/* Begin PBXProject section */
		BA1A992C2085DE4500FAE3FA /* Project object */ = {
			isa = PBXProject;
			attributes = {
				LastSwiftUpdateCheck = 0930;
				LastUpgradeCheck = 0930;
				ORGANIZATIONNAME = Tangent;
				TargetAttributes = {
					BA1A99332085DE4500FAE3FA = {
						CreatedOnToolsVersion = 9.3;
					};
					BA1A99472085DE4700FAE3FA = {
						CreatedOnToolsVersion = 9.3;
						TestTargetID = BA1A99332085DE4500FAE3FA;
					};
				};
			};
			buildConfigurationList = BA1A992F2085DE4500FAE3FA /* Build configuration list for PBXProject "WALL-E" */;
			compatibilityVersion = "Xcode 9.3";
			developmentRegion = en;
			hasScannedForEncodings = 0;
			knownRegions = (
				en,
				Base,
			);
			mainGroup = BA1A992B2085DE4500FAE3FA;
			productRefGroup = BA1A99352085DE4500FAE3FA /* Products */;
			projectDirPath = "";
			projectRoot = "";
			targets = (
				BA1A99332085DE4500FAE3FA /* WALL-E */,
				BA1A99472085DE4700FAE3FA /* WALL-ETests */,
			);
		};
/* End PBXProject section */

/* Begin PBXResourcesBuildPhase section */
		BA1A99322085DE4500FAE3FA /* Resources */ = {
			isa = PBXResourcesBuildPhase;
			buildActionMask = 2147483647;
			files = (
				BA783F71208CE4A200771E86 /* MenuContentView.xib in Resources */,
				BA1A99422085DE4700FAE3FA /* LaunchScreen.storyboard in Resources */,
				BAE8DF15209F2E810021246E /* RegisterView.xib in Resources */,
				BA783F73208CFAEA00771E86 /* ThemePickerView.xib in Resources */,
				BAE8DF13209F1E3B0021246E /* LoginView.xib in Resources */,
				BAA2ECB72090AA4700C6F577 /* LaunchViewController.xib in Resources */,
				BA1A993F2085DE4700FAE3FA /* Assets.xcassets in Resources */,
				BAA2EC8D208DF07B00C6F577 /* ProfileHeaderView.xib in Resources */,
			);
			runOnlyForDeploymentPostprocessing = 0;
		};
		BA1A99462085DE4700FAE3FA /* Resources */ = {
			isa = PBXResourcesBuildPhase;
			buildActionMask = 2147483647;
			files = (
			);
			runOnlyForDeploymentPostprocessing = 0;
		};
/* End PBXResourcesBuildPhase section */

/* Begin PBXShellScriptBuildPhase section */
		1C50811727ADB363E41EFA73 /* [CP] Embed Pods Frameworks */ = {
			isa = PBXShellScriptBuildPhase;
			buildActionMask = 2147483647;
			files = (
			);
			inputPaths = (
				"${SRCROOT}/Pods/Target Support Files/Pods-WALL-E/Pods-WALL-E-frameworks.sh",
				"${BUILT_PRODUCTS_DIR}/BoringSSL/openssl.framework",
				"${BUILT_PRODUCTS_DIR}/EVE/EVE.framework",
				"${BUILT_PRODUCTS_DIR}/Eureka/Eureka.framework",
				"${BUILT_PRODUCTS_DIR}/HappyDNS/HappyDNS.framework",
				"${BUILT_PRODUCTS_DIR}/JGProgressHUD/JGProgressHUD.framework",
				"${BUILT_PRODUCTS_DIR}/KYCircularProgress/KYCircularProgress.framework",
				"${BUILT_PRODUCTS_DIR}/Kingfisher/Kingfisher.framework",
				"${BUILT_PRODUCTS_DIR}/LayoutKit/LayoutKit.framework",
				"${BUILT_PRODUCTS_DIR}/MessageListener/MessageListener.framework",
				"${BUILT_PRODUCTS_DIR}/Protobuf/Protobuf.framework",
				"${BUILT_PRODUCTS_DIR}/Qiniu/Qiniu.framework",
				"${BUILT_PRODUCTS_DIR}/R.swift.Library/Rswift.framework",
				"${BUILT_PRODUCTS_DIR}/Realm/Realm.framework",
				"${BUILT_PRODUCTS_DIR}/RealmSwift/RealmSwift.framework",
				"${BUILT_PRODUCTS_DIR}/RxCocoa/RxCocoa.framework",
				"${BUILT_PRODUCTS_DIR}/RxSwift/RxSwift.framework",
				"${BUILT_PRODUCTS_DIR}/Tactile/Tactile.framework",
				"${BUILT_PRODUCTS_DIR}/TanImagePicker/TanImagePicker.framework",
				"${BUILT_PRODUCTS_DIR}/WXWaveView/WXWaveView.framework",
				"${BUILT_PRODUCTS_DIR}/YYText/YYText.framework",
				"${BUILT_PRODUCTS_DIR}/gRPC/GRPCClient.framework",
				"${BUILT_PRODUCTS_DIR}/gRPC-Core/grpc.framework",
				"${BUILT_PRODUCTS_DIR}/gRPC-ProtoRPC/ProtoRPC.framework",
				"${BUILT_PRODUCTS_DIR}/gRPC-RxLibrary/RxLibrary.framework",
				"${BUILT_PRODUCTS_DIR}/nanopb/nanopb.framework",
			);
			name = "[CP] Embed Pods Frameworks";
			outputPaths = (
				"${TARGET_BUILD_DIR}/${FRAMEWORKS_FOLDER_PATH}/openssl.framework",
				"${TARGET_BUILD_DIR}/${FRAMEWORKS_FOLDER_PATH}/EVE.framework",
				"${TARGET_BUILD_DIR}/${FRAMEWORKS_FOLDER_PATH}/Eureka.framework",
				"${TARGET_BUILD_DIR}/${FRAMEWORKS_FOLDER_PATH}/HappyDNS.framework",
				"${TARGET_BUILD_DIR}/${FRAMEWORKS_FOLDER_PATH}/JGProgressHUD.framework",
				"${TARGET_BUILD_DIR}/${FRAMEWORKS_FOLDER_PATH}/KYCircularProgress.framework",
				"${TARGET_BUILD_DIR}/${FRAMEWORKS_FOLDER_PATH}/Kingfisher.framework",
				"${TARGET_BUILD_DIR}/${FRAMEWORKS_FOLDER_PATH}/LayoutKit.framework",
				"${TARGET_BUILD_DIR}/${FRAMEWORKS_FOLDER_PATH}/MessageListener.framework",
				"${TARGET_BUILD_DIR}/${FRAMEWORKS_FOLDER_PATH}/Protobuf.framework",
				"${TARGET_BUILD_DIR}/${FRAMEWORKS_FOLDER_PATH}/Qiniu.framework",
				"${TARGET_BUILD_DIR}/${FRAMEWORKS_FOLDER_PATH}/Rswift.framework",
				"${TARGET_BUILD_DIR}/${FRAMEWORKS_FOLDER_PATH}/Realm.framework",
				"${TARGET_BUILD_DIR}/${FRAMEWORKS_FOLDER_PATH}/RealmSwift.framework",
				"${TARGET_BUILD_DIR}/${FRAMEWORKS_FOLDER_PATH}/RxCocoa.framework",
				"${TARGET_BUILD_DIR}/${FRAMEWORKS_FOLDER_PATH}/RxSwift.framework",
				"${TARGET_BUILD_DIR}/${FRAMEWORKS_FOLDER_PATH}/Tactile.framework",
				"${TARGET_BUILD_DIR}/${FRAMEWORKS_FOLDER_PATH}/TanImagePicker.framework",
				"${TARGET_BUILD_DIR}/${FRAMEWORKS_FOLDER_PATH}/WXWaveView.framework",
				"${TARGET_BUILD_DIR}/${FRAMEWORKS_FOLDER_PATH}/YYText.framework",
				"${TARGET_BUILD_DIR}/${FRAMEWORKS_FOLDER_PATH}/GRPCClient.framework",
				"${TARGET_BUILD_DIR}/${FRAMEWORKS_FOLDER_PATH}/grpc.framework",
				"${TARGET_BUILD_DIR}/${FRAMEWORKS_FOLDER_PATH}/ProtoRPC.framework",
				"${TARGET_BUILD_DIR}/${FRAMEWORKS_FOLDER_PATH}/RxLibrary.framework",
				"${TARGET_BUILD_DIR}/${FRAMEWORKS_FOLDER_PATH}/nanopb.framework",
			);
			runOnlyForDeploymentPostprocessing = 0;
			shellPath = /bin/sh;
			shellScript = "\"${SRCROOT}/Pods/Target Support Files/Pods-WALL-E/Pods-WALL-E-frameworks.sh\"\n";
			showEnvVarsInLog = 0;
		};
		B7C2D183E1FBF9365A4335AF /* [CP] Check Pods Manifest.lock */ = {
			isa = PBXShellScriptBuildPhase;
			buildActionMask = 2147483647;
			files = (
			);
			inputPaths = (
				"${PODS_PODFILE_DIR_PATH}/Podfile.lock",
				"${PODS_ROOT}/Manifest.lock",
			);
			name = "[CP] Check Pods Manifest.lock";
			outputPaths = (
				"$(DERIVED_FILE_DIR)/Pods-WALL-E-checkManifestLockResult.txt",
			);
			runOnlyForDeploymentPostprocessing = 0;
			shellPath = /bin/sh;
			shellScript = "diff \"${PODS_PODFILE_DIR_PATH}/Podfile.lock\" \"${PODS_ROOT}/Manifest.lock\" > /dev/null\nif [ $? != 0 ] ; then\n    # print error to STDERR\n    echo \"error: The sandbox is not in sync with the Podfile.lock. Run 'pod install' or update your CocoaPods installation.\" >&2\n    exit 1\nfi\n# This output is used by Xcode 'outputs' to avoid re-running this script phase.\necho \"SUCCESS\" > \"${SCRIPT_OUTPUT_FILE_0}\"\n";
			showEnvVarsInLog = 0;
		};
		BA3CCD8D208C9E210000D639 /* R.Swift */ = {
			isa = PBXShellScriptBuildPhase;
			buildActionMask = 2147483647;
			files = (
			);
			inputPaths = (
			);
			name = R.Swift;
			outputPaths = (
			);
			runOnlyForDeploymentPostprocessing = 0;
			shellPath = /bin/sh;
			shellScript = "\"$PODS_ROOT/R.swift/rswift\" generate \"$SRCROOT/WALL-E/Assets\"";
		};
/* End PBXShellScriptBuildPhase section */

/* Begin PBXSourcesBuildPhase section */
		BA1A99302085DE4500FAE3FA /* Sources */ = {
			isa = PBXSourcesBuildPhase;
			buildActionMask = 2147483647;
			files = (
				BA3CCD9B208CD3F10000D639 /* UIButton.swift in Sources */,
				BA013CA1208DE602004689F0 /* Profile.View.swift in Sources */,
				BA88B7872092203A0014C860 /* AccessoryViewRevealer.swift in Sources */,
				BAE8DF0F209F1B6B0021246E /* Account.Login.swift in Sources */,
				BA8B312C209D93CD007C34CD /* Threads.swift in Sources */,
				BAE8DF17209F2E900021246E /* Account.Register.swift in Sources */,
				BAE8DF22209FFD950021246E /* MessageListener+Rx.swift in Sources */,
				BAA2ECA0208F34DD00C6F577 /* UIViewController.swift in Sources */,
				BAAFF4D3209C79360010CB4C /* EVE.swift in Sources */,
				BAA2ECA4208F5A2000C6F577 /* Chat.HeaderView.swift in Sources */,
				BA3CCD89208C82B90000D639 /* Main.Contacts.View.swift in Sources */,
				BAE8DF2620A00BB30021246E /* UIImage.swift in Sources */,
				BA3CCD79208B99820000D639 /* Main.View.swift in Sources */,
				BAA2ECAE20906ABF00C6F577 /* CrossSizeHittableView.swift in Sources */,
				BAFD041A2091C995009D132A /* Chat.NodeLayout.swift in Sources */,
				BAAFF4D5209C79810010CB4C /* EVE.Connecter.swift in Sources */,
				BAA2EC9E208F1F9800C6F577 /* Chat.Transition.swift in Sources */,
				BAA2ECB92090CEA100C6F577 /* PreferenceStore.swift in Sources */,
				BAAFF4D8209D80D00010CB4C /* Context.swift in Sources */,
				BA3CCD87208C76180000D639 /* Disposable.swift in Sources */,
				BA3CCD84208BB4C80000D639 /* Operators.swift in Sources */,
				BA88B789209220DB0014C860 /* Chat.Cell.swift in Sources */,
				BA3CCD7C208B99EA0000D639 /* Main.SegmentControl.swift in Sources */,
				BAE8DF0A209E0D9D0021246E /* EVE.Request.swift in Sources */,
				BA88B78F2092374B0014C860 /* Settings.Model.swift in Sources */,
				BAA2ECA2208F3AB300C6F577 /* WeakArray.swift in Sources */,
				BAE8DF19209F328B0021246E /* Account.swift in Sources */,
				BA8B3130209DFF03007C34CD /* Message.swift in Sources */,
				BAFD041C2091D62A009D132A /* Chat.ContentView.swift in Sources */,
				BAE8DF0C209E0F7F0021246E /* EVE.Account.swift in Sources */,
				BAA2ECC9209191AD00C6F577 /* Settings.ContentView.swift in Sources */,
				BAFF8DEC2093238500BFB1BF /* log.swift in Sources */,
				BA013C91208DAFEA004689F0 /* Main.Conversations.Item.swift in Sources */,
				BAE8DF1C209FEEF20021246E /* AvatarUploadView.swift in Sources */,
				BA8B3133209E016E007C34CD /* Context+Sync.swift in Sources */,
				BAA2ECC52091916E00C6F577 /* Settings.swift in Sources */,
				BAA2ECA8208F821A00C6F577 /* Chat.Presenter.swift in Sources */,
				BA3CCD8B208C83010000D639 /* Main.Conversations.View.swift in Sources */,
				BAA2EC8F208F030C00C6F577 /* curry.swift in Sources */,
				BA013C93208DC12F004689F0 /* ImageProcessors.swift in Sources */,
				BA3CCD77208B99770000D639 /* Main.swift in Sources */,
				BAAFF4DB209D84BD0010CB4C /* Auto.swift in Sources */,
				BA013C9D208DE5EA004689F0 /* Profile.swift in Sources */,
				BA8B312E209DF6CF007C34CD /* Contact.swift in Sources */,
				BAA2EC94208F172800C6F577 /* Chat.swift in Sources */,
				BAA2EC96208F173600C6F577 /* Chat.View.swift in Sources */,
				BAA2ECC72091918100C6F577 /* Settings.View.swift in Sources */,
				BA3CCD94208CA5040000D639 /* Root.View.swift in Sources */,
				BAFD041E2091ED5C009D132A /* UIColor.swift in Sources */,
				BAE8DF24209FFEB10021246E /* Error.swift in Sources */,
				BA3CCD99208CCE910000D639 /* Menu.View.swift in Sources */,
				BA3CCD97208CCE7B0000D639 /* Menu.swift in Sources */,
				BAA2ECA6208F7A8E00C6F577 /* Chat.InputView.swift in Sources */,
				BAE8DF2820A017DA0021246E /* EVE.Uploader.swift in Sources */,
				BA3CCD92208CA4F90000D639 /* Root.swift in Sources */,
				BAA2ECBF2090E12E00C6F577 /* Chat.Node.swift in Sources */,
				BAA2ECB52090A90000C6F577 /* LaunchViewController.swift in Sources */,
				BAE8DF20209FFB610021246E /* ImagePicker+Rx.swift in Sources */,
				BA1A99382085DE4500FAE3FA /* AppDelegate.swift in Sources */,
				BA3CCD7F208B9A500000D639 /* UI.swift in Sources */,
				BAE8DF2A20A062AB0021246E /* HUD.swift in Sources */,
				BA013C97208DD8EC004689F0 /* Observable.swift in Sources */,
				BAA2ECAA209058AC00C6F577 /* Chat.ImagesPickerAdapter.swift in Sources */,
				BAA2ECB02090A0A000C6F577 /* UIView.swift in Sources */,
				BA3CCD82208BB0940000D639 /* Simple.swift in Sources */,
				BA3CCD8F208C9E810000D639 /* R.generated.swift in Sources */,
				BA013C95208DD7B9004689F0 /* UITableView+Rx.swift in Sources */,
			);
			runOnlyForDeploymentPostprocessing = 0;
		};
		BA1A99442085DE4700FAE3FA /* Sources */ = {
			isa = PBXSourcesBuildPhase;
			buildActionMask = 2147483647;
			files = (
				BA1A994D2085DE4700FAE3FA /* WALL_ETests.swift in Sources */,
			);
			runOnlyForDeploymentPostprocessing = 0;
		};
/* End PBXSourcesBuildPhase section */

/* Begin PBXTargetDependency section */
		BA1A994A2085DE4700FAE3FA /* PBXTargetDependency */ = {
			isa = PBXTargetDependency;
			target = BA1A99332085DE4500FAE3FA /* WALL-E */;
			targetProxy = BA1A99492085DE4700FAE3FA /* PBXContainerItemProxy */;
		};
/* End PBXTargetDependency section */

/* Begin PBXVariantGroup section */
		BA1A99402085DE4700FAE3FA /* LaunchScreen.storyboard */ = {
			isa = PBXVariantGroup;
			children = (
				BA1A99412085DE4700FAE3FA /* Base */,
			);
			name = LaunchScreen.storyboard;
			sourceTree = "<group>";
		};
/* End PBXVariantGroup section */

/* Begin XCBuildConfiguration section */
		BA1A994F2085DE4700FAE3FA /* Debug */ = {
			isa = XCBuildConfiguration;
			buildSettings = {
				ALWAYS_SEARCH_USER_PATHS = NO;
				CLANG_ANALYZER_NONNULL = YES;
				CLANG_ANALYZER_NUMBER_OBJECT_CONVERSION = YES_AGGRESSIVE;
				CLANG_CXX_LANGUAGE_STANDARD = "gnu++14";
				CLANG_CXX_LIBRARY = "libc++";
				CLANG_ENABLE_MODULES = YES;
				CLANG_ENABLE_OBJC_ARC = YES;
				CLANG_ENABLE_OBJC_WEAK = YES;
				CLANG_WARN_BLOCK_CAPTURE_AUTORELEASING = YES;
				CLANG_WARN_BOOL_CONVERSION = YES;
				CLANG_WARN_COMMA = YES;
				CLANG_WARN_CONSTANT_CONVERSION = YES;
				CLANG_WARN_DEPRECATED_OBJC_IMPLEMENTATIONS = YES;
				CLANG_WARN_DIRECT_OBJC_ISA_USAGE = YES_ERROR;
				CLANG_WARN_DOCUMENTATION_COMMENTS = YES;
				CLANG_WARN_EMPTY_BODY = YES;
				CLANG_WARN_ENUM_CONVERSION = YES;
				CLANG_WARN_INFINITE_RECURSION = YES;
				CLANG_WARN_INT_CONVERSION = YES;
				CLANG_WARN_NON_LITERAL_NULL_CONVERSION = YES;
				CLANG_WARN_OBJC_IMPLICIT_RETAIN_SELF = YES;
				CLANG_WARN_OBJC_LITERAL_CONVERSION = YES;
				CLANG_WARN_OBJC_ROOT_CLASS = YES_ERROR;
				CLANG_WARN_RANGE_LOOP_ANALYSIS = YES;
				CLANG_WARN_STRICT_PROTOTYPES = YES;
				CLANG_WARN_SUSPICIOUS_MOVE = YES;
				CLANG_WARN_UNGUARDED_AVAILABILITY = YES_AGGRESSIVE;
				CLANG_WARN_UNREACHABLE_CODE = YES;
				CLANG_WARN__DUPLICATE_METHOD_MATCH = YES;
				CODE_SIGN_IDENTITY = "iPhone Developer";
				COPY_PHASE_STRIP = NO;
				DEBUG_INFORMATION_FORMAT = dwarf;
				ENABLE_STRICT_OBJC_MSGSEND = YES;
				ENABLE_TESTABILITY = YES;
				GCC_C_LANGUAGE_STANDARD = gnu11;
				GCC_DYNAMIC_NO_PIC = NO;
				GCC_NO_COMMON_BLOCKS = YES;
				GCC_OPTIMIZATION_LEVEL = 0;
				GCC_PREPROCESSOR_DEFINITIONS = (
					"DEBUG=1",
					"$(inherited)",
				);
				GCC_WARN_64_TO_32_BIT_CONVERSION = YES;
				GCC_WARN_ABOUT_RETURN_TYPE = YES_ERROR;
				GCC_WARN_UNDECLARED_SELECTOR = YES;
				GCC_WARN_UNINITIALIZED_AUTOS = YES_AGGRESSIVE;
				GCC_WARN_UNUSED_FUNCTION = YES;
				GCC_WARN_UNUSED_VARIABLE = YES;
				IPHONEOS_DEPLOYMENT_TARGET = 11.3;
				MTL_ENABLE_DEBUG_INFO = YES;
				ONLY_ACTIVE_ARCH = YES;
				SDKROOT = iphoneos;
				SWIFT_ACTIVE_COMPILATION_CONDITIONS = DEBUG;
				SWIFT_OPTIMIZATION_LEVEL = "-Onone";
			};
			name = Debug;
		};
		BA1A99502085DE4700FAE3FA /* Release */ = {
			isa = XCBuildConfiguration;
			buildSettings = {
				ALWAYS_SEARCH_USER_PATHS = NO;
				CLANG_ANALYZER_NONNULL = YES;
				CLANG_ANALYZER_NUMBER_OBJECT_CONVERSION = YES_AGGRESSIVE;
				CLANG_CXX_LANGUAGE_STANDARD = "gnu++14";
				CLANG_CXX_LIBRARY = "libc++";
				CLANG_ENABLE_MODULES = YES;
				CLANG_ENABLE_OBJC_ARC = YES;
				CLANG_ENABLE_OBJC_WEAK = YES;
				CLANG_WARN_BLOCK_CAPTURE_AUTORELEASING = YES;
				CLANG_WARN_BOOL_CONVERSION = YES;
				CLANG_WARN_COMMA = YES;
				CLANG_WARN_CONSTANT_CONVERSION = YES;
				CLANG_WARN_DEPRECATED_OBJC_IMPLEMENTATIONS = YES;
				CLANG_WARN_DIRECT_OBJC_ISA_USAGE = YES_ERROR;
				CLANG_WARN_DOCUMENTATION_COMMENTS = YES;
				CLANG_WARN_EMPTY_BODY = YES;
				CLANG_WARN_ENUM_CONVERSION = YES;
				CLANG_WARN_INFINITE_RECURSION = YES;
				CLANG_WARN_INT_CONVERSION = YES;
				CLANG_WARN_NON_LITERAL_NULL_CONVERSION = YES;
				CLANG_WARN_OBJC_IMPLICIT_RETAIN_SELF = YES;
				CLANG_WARN_OBJC_LITERAL_CONVERSION = YES;
				CLANG_WARN_OBJC_ROOT_CLASS = YES_ERROR;
				CLANG_WARN_RANGE_LOOP_ANALYSIS = YES;
				CLANG_WARN_STRICT_PROTOTYPES = YES;
				CLANG_WARN_SUSPICIOUS_MOVE = YES;
				CLANG_WARN_UNGUARDED_AVAILABILITY = YES_AGGRESSIVE;
				CLANG_WARN_UNREACHABLE_CODE = YES;
				CLANG_WARN__DUPLICATE_METHOD_MATCH = YES;
				CODE_SIGN_IDENTITY = "iPhone Developer";
				COPY_PHASE_STRIP = NO;
				DEBUG_INFORMATION_FORMAT = "dwarf-with-dsym";
				ENABLE_NS_ASSERTIONS = NO;
				ENABLE_STRICT_OBJC_MSGSEND = YES;
				GCC_C_LANGUAGE_STANDARD = gnu11;
				GCC_NO_COMMON_BLOCKS = YES;
				GCC_WARN_64_TO_32_BIT_CONVERSION = YES;
				GCC_WARN_ABOUT_RETURN_TYPE = YES_ERROR;
				GCC_WARN_UNDECLARED_SELECTOR = YES;
				GCC_WARN_UNINITIALIZED_AUTOS = YES_AGGRESSIVE;
				GCC_WARN_UNUSED_FUNCTION = YES;
				GCC_WARN_UNUSED_VARIABLE = YES;
				IPHONEOS_DEPLOYMENT_TARGET = 11.3;
				MTL_ENABLE_DEBUG_INFO = NO;
				SDKROOT = iphoneos;
				SWIFT_COMPILATION_MODE = wholemodule;
				SWIFT_OPTIMIZATION_LEVEL = "-O";
				VALIDATE_PRODUCT = YES;
			};
			name = Release;
		};
		BA1A99522085DE4700FAE3FA /* Debug */ = {
			isa = XCBuildConfiguration;
			baseConfigurationReference = D6E5B6B7A8C93248B230FF43 /* Pods-WALL-E.debug.xcconfig */;
			buildSettings = {
				ASSETCATALOG_COMPILER_APPICON_NAME = AppIcon;
				CODE_SIGN_STYLE = Automatic;
				DEVELOPMENT_TEAM = 9PA6Z533LV;
				INFOPLIST_FILE = "WALL-E/Info.plist";
				IPHONEOS_DEPLOYMENT_TARGET = 10.0;
				LD_RUNPATH_SEARCH_PATHS = (
					"$(inherited)",
					"@executable_path/Frameworks",
				);
				PRODUCT_BUNDLE_IDENTIFIER = "personal.tangent.WALL-E";
				PRODUCT_NAME = "$(TARGET_NAME)";
				SWIFT_VERSION = 4.0;
				TARGETED_DEVICE_FAMILY = "1,2";
			};
			name = Debug;
		};
		BA1A99532085DE4700FAE3FA /* Release */ = {
			isa = XCBuildConfiguration;
			baseConfigurationReference = 794BFAF67287F94699EB1944 /* Pods-WALL-E.release.xcconfig */;
			buildSettings = {
				ASSETCATALOG_COMPILER_APPICON_NAME = AppIcon;
				CODE_SIGN_STYLE = Automatic;
				DEVELOPMENT_TEAM = 9PA6Z533LV;
				INFOPLIST_FILE = "WALL-E/Info.plist";
				IPHONEOS_DEPLOYMENT_TARGET = 10.0;
				LD_RUNPATH_SEARCH_PATHS = (
					"$(inherited)",
					"@executable_path/Frameworks",
				);
				PRODUCT_BUNDLE_IDENTIFIER = "personal.tangent.WALL-E";
				PRODUCT_NAME = "$(TARGET_NAME)";
				SWIFT_VERSION = 4.0;
				TARGETED_DEVICE_FAMILY = "1,2";
			};
			name = Release;
		};
		BA1A99552085DE4700FAE3FA /* Debug */ = {
			isa = XCBuildConfiguration;
			buildSettings = {
				ALWAYS_EMBED_SWIFT_STANDARD_LIBRARIES = YES;
				BUNDLE_LOADER = "$(TEST_HOST)";
				CODE_SIGN_STYLE = Automatic;
				DEVELOPMENT_TEAM = 9PA6Z533LV;
				INFOPLIST_FILE = "WALL-ETests/Info.plist";
				LD_RUNPATH_SEARCH_PATHS = (
					"$(inherited)",
					"@executable_path/Frameworks",
					"@loader_path/Frameworks",
				);
				PRODUCT_BUNDLE_IDENTIFIER = "personal.tangent.WALL-ETests";
				PRODUCT_NAME = "$(TARGET_NAME)";
				SWIFT_VERSION = 4.0;
				TARGETED_DEVICE_FAMILY = "1,2";
				TEST_HOST = "$(BUILT_PRODUCTS_DIR)/WALL-E.app/WALL-E";
			};
			name = Debug;
		};
		BA1A99562085DE4700FAE3FA /* Release */ = {
			isa = XCBuildConfiguration;
			buildSettings = {
				ALWAYS_EMBED_SWIFT_STANDARD_LIBRARIES = YES;
				BUNDLE_LOADER = "$(TEST_HOST)";
				CODE_SIGN_STYLE = Automatic;
				DEVELOPMENT_TEAM = 9PA6Z533LV;
				INFOPLIST_FILE = "WALL-ETests/Info.plist";
				LD_RUNPATH_SEARCH_PATHS = (
					"$(inherited)",
					"@executable_path/Frameworks",
					"@loader_path/Frameworks",
				);
				PRODUCT_BUNDLE_IDENTIFIER = "personal.tangent.WALL-ETests";
				PRODUCT_NAME = "$(TARGET_NAME)";
				SWIFT_VERSION = 4.0;
				TARGETED_DEVICE_FAMILY = "1,2";
				TEST_HOST = "$(BUILT_PRODUCTS_DIR)/WALL-E.app/WALL-E";
			};
			name = Release;
		};
/* End XCBuildConfiguration section */

/* Begin XCConfigurationList section */
		BA1A992F2085DE4500FAE3FA /* Build configuration list for PBXProject "WALL-E" */ = {
			isa = XCConfigurationList;
			buildConfigurations = (
				BA1A994F2085DE4700FAE3FA /* Debug */,
				BA1A99502085DE4700FAE3FA /* Release */,
			);
			defaultConfigurationIsVisible = 0;
			defaultConfigurationName = Release;
		};
		BA1A99512085DE4700FAE3FA /* Build configuration list for PBXNativeTarget "WALL-E" */ = {
			isa = XCConfigurationList;
			buildConfigurations = (
				BA1A99522085DE4700FAE3FA /* Debug */,
				BA1A99532085DE4700FAE3FA /* Release */,
			);
			defaultConfigurationIsVisible = 0;
			defaultConfigurationName = Release;
		};
		BA1A99542085DE4700FAE3FA /* Build configuration list for PBXNativeTarget "WALL-ETests" */ = {
			isa = XCConfigurationList;
			buildConfigurations = (
				BA1A99552085DE4700FAE3FA /* Debug */,
				BA1A99562085DE4700FAE3FA /* Release */,
			);
			defaultConfigurationIsVisible = 0;
			defaultConfigurationName = Release;
		};
/* End XCConfigurationList section */
	};
	rootObject = BA1A992C2085DE4500FAE3FA /* Project object */;
}
